
Microsoft Visual Studio Solution File, Format Version 12.00
# Visual Studio 15
VisualStudioVersion = 15.0.28010.2003
MinimumVisualStudioVersion = 10.0.40219.1
Project("{9A19103F-16F7-4668-BE54-9A1E7A4F7556}") = "PwdClient", "PwdClient.csproj", "{F1F41E46-AFA7-4895-8180-0219114EE3FA}"
EndProject
Global
	GlobalSection(SolutionConfigurationPlatforms) = preSolution
		Debug|Any CPU = Debug|Any CPU
		Release|Any CPU = Release|Any CPU
	EndGlobalSection
	GlobalSection(ProjectConfigurationPlatforms) = postSolution
		{F1F41E46-AFA7-4895-8180-0219114EE3FA}.Debug|Any CPU.ActiveCfg = Debug|Any CPU
		{F1F41E46-AFA7-4895-8180-0219114EE3FA}.Debug|Any CPU.Build.0 = Debug|Any CPU
		{F1F41E46-AFA7-4895-8180-0219114EE3FA}.Release|Any CPU.ActiveCfg = Release|Any CPU
		{F1F41E46-AFA7-4895-8180-0219114EE3FA}.Release|Any CPU.Build.0 = Release|Any CPU
	EndGlobalSection
	GlobalSection(SolutionProperties) = preSolution
		HideSolutionNode = FALSE
	EndGlobalSection
	GlobalSection(ExtensibilityGlobals) = postSolution
		SolutionGuid = {2336C170-8F60-4F04-A213-CABA3BDAE711}
	EndGlobalSection
EndGlobal
